
Microsoft Visual Studio Solution File, Format Version 12.00
# Visual Studio Version 17
VisualStudioVersion = 17.7.34024.191
MinimumVisualStudioVersion = 10.0.40219.1
Project("{FAE04EC0-301F-11D3-BF4B-00C04F79EFBC}") = "MyProject.APPv1", "MyProject.APPv1\MyProject.APPv1.csproj", "{F17886BA-1311-47F8-B6CC-7A56B14F800B}"
EndProject
Project("{FAE04EC0-301F-11D3-BF4B-00C04F79EFBC}") = "MyProject.BLL", "MyProject.BLL\MyProject.BLL.csproj", "{F2BD8282-C8EB-458B-8A1B-D64994D72852}"
EndProject
Project("{FAE04EC0-301F-11D3-BF4B-00C04F79EFBC}") = "MyProject.DAL", "MyProject.DAL\MyProject.DAL.csproj", "{4AC10D23-0150-4C50-9A69-96EDFD6507B1}"
EndProject
Project("{FAE04EC0-301F-11D3-BF4B-00C04F79EFBC}") = "MyProject.MODEL", "MyProject.MODEL\MyProject.MODEL.csproj", "{C0F83990-069F-460B-8351-2F366EEA2C20}"
EndProject
Global
	GlobalSection(SolutionConfigurationPlatforms) = preSolution
		Debug|Any CPU = Debug|Any CPU
		Release|Any CPU = Release|Any CPU
	EndGlobalSection
	GlobalSection(ProjectConfigurationPlatforms) = postSolution
		{F17886BA-1311-47F8-B6CC-7A56B14F800B}.Debug|Any CPU.ActiveCfg = Debug|Any CPU
		{F17886BA-1311-47F8-B6CC-7A56B14F800B}.Debug|Any CPU.Build.0 = Debug|Any CPU
		{F17886BA-1311-47F8-B6CC-7A56B14F800B}.Release|Any CPU.ActiveCfg = Release|Any CPU
		{F17886BA-1311-47F8-B6CC-7A56B14F800B}.Release|Any CPU.Build.0 = Release|Any CPU
		{F2BD8282-C8EB-458B-8A1B-D64994D72852}.Debug|Any CPU.ActiveCfg = Debug|Any CPU
		{F2BD8282-C8EB-458B-8A1B-D64994D72852}.Debug|Any CPU.Build.0 = Debug|Any CPU
		{F2BD8282-C8EB-458B-8A1B-D64994D72852}.Release|Any CPU.ActiveCfg = Release|Any CPU
		{F2BD8282-C8EB-458B-8A1B-D64994D72852}.Release|Any CPU.Build.0 = Release|Any CPU
		{4AC10D23-0150-4C50-9A69-96EDFD6507B1}.Debug|Any CPU.ActiveCfg = Debug|Any CPU
		{4AC10D23-0150-4C50-9A69-96EDFD6507B1}.Debug|Any CPU.Build.0 = Debug|Any CPU
		{4AC10D23-0150-4C50-9A69-96EDFD6507B1}.Release|Any CPU.ActiveCfg = Release|Any CPU
		{4AC10D23-0150-4C50-9A69-96EDFD6507B1}.Release|Any CPU.Build.0 = Release|Any CPU
		{C0F83990-069F-460B-8351-2F366EEA2C20}.Debug|Any CPU.ActiveCfg = Debug|Any CPU
		{C0F83990-069F-460B-8351-2F366EEA2C20}.Debug|Any CPU.Build.0 = Debug|Any CPU
		{C0F83990-069F-460B-8351-2F366EEA2C20}.Release|Any CPU.ActiveCfg = Release|Any CPU
		{C0F83990-069F-460B-8351-2F366EEA2C20}.Release|Any CPU.Build.0 = Release|Any CPU
	EndGlobalSection
	GlobalSection(SolutionProperties) = preSolution
		HideSolutionNode = FALSE
	EndGlobalSection
	GlobalSection(ExtensibilityGlobals) = postSolution
		SolutionGuid = {6ADE8B66-7DD4-4BDC-9B79-7B7B4E746EE0}
	EndGlobalSection
EndGlobal
